PODS:
  - Flutter (1.0.0)
  - responsive_table (0.0.1):
    - Flutter

DEPENDENCIES:
  - Flutter (from `Flutter`)
  - responsive_table (from `.symlinks/plugins/responsive_table/ios`)

EXTERNAL SOURCES:
  Flutter:
    :path: Flutter
  responsive_table:
    :path: ".symlinks/plugins/responsive_table/ios"

SPEC CHECKSUMS:
  Flutter: 0e3d915762c693b495b44d77113d4970485de6ec
  responsive_table: 8766436a14395ec0f59e725f5a7502d5eb6ad48c

PODFILE CHECKSUM: aafe91acc616949ddb318b77800a7f51bffa2a4c

COCOAPODS: 1.9.3
